
Microsoft Visual Studio Solution File, Format Version 12.00
# Visual Studio Version 17
VisualStudioVersion = 17.0.31903.59
MinimumVisualStudioVersion = 10.0.40219.1
Project("{FAE04EC0-301F-11D3-BF4B-00C04F79EFBC}") = "VehicleConfiguration.Backend", "VehicleConfiguration.Backend\VehicleConfiguration.Backend.csproj", "{9CE1055B-4066-43F3-A590-5518105400AA}"
EndProject
Project("{FAE04EC0-301F-11D3-BF4B-00C04F79EFBC}") = "VehicleConfiguration.Backend.Tests", "VehicleConfiguration.Backend.Tests\VehicleConfiguration.Backend.Tests.csproj", "{BB2114F9-8CDA-40A8-B354-22156D20EE7F}"
EndProject
Global
	GlobalSection(SolutionConfigurationPlatforms) = preSolution
		Debug|Any CPU = Debug|Any CPU
		Debug|x64 = Debug|x64
		Debug|x86 = Debug|x86
		Release|Any CPU = Release|Any CPU
		Release|x64 = Release|x64
		Release|x86 = Release|x86
	EndGlobalSection
	GlobalSection(ProjectConfigurationPlatforms) = postSolution
		{9CE1055B-4066-43F3-A590-5518105400AA}.Debug|Any CPU.ActiveCfg = Debug|Any CPU
		{9CE1055B-4066-43F3-A590-5518105400AA}.Debug|Any CPU.Build.0 = Debug|Any CPU
		{9CE1055B-4066-43F3-A590-5518105400AA}.Debug|x64.ActiveCfg = Debug|Any CPU
		{9CE1055B-4066-43F3-A590-5518105400AA}.Debug|x64.Build.0 = Debug|Any CPU
		{9CE1055B-4066-43F3-A590-5518105400AA}.Debug|x86.ActiveCfg = Debug|Any CPU
		{9CE1055B-4066-43F3-A590-5518105400AA}.Debug|x86.Build.0 = Debug|Any CPU
		{9CE1055B-4066-43F3-A590-5518105400AA}.Release|Any CPU.ActiveCfg = Release|Any CPU
		{9CE1055B-4066-43F3-A590-5518105400AA}.Release|Any CPU.Build.0 = Release|Any CPU
		{9CE1055B-4066-43F3-A590-5518105400AA}.Release|x64.ActiveCfg = Release|Any CPU
		{9CE1055B-4066-43F3-A590-5518105400AA}.Release|x64.Build.0 = Release|Any CPU
		{9CE1055B-4066-43F3-A590-5518105400AA}.Release|x86.ActiveCfg = Release|Any CPU
		{9CE1055B-4066-43F3-A590-5518105400AA}.Release|x86.Build.0 = Release|Any CPU
		{BB2114F9-8CDA-40A8-B354-22156D20EE7F}.Debug|Any CPU.ActiveCfg = Debug|Any CPU
		{BB2114F9-8CDA-40A8-B354-22156D20EE7F}.Debug|Any CPU.Build.0 = Debug|Any CPU
		{BB2114F9-8CDA-40A8-B354-22156D20EE7F}.Debug|x64.ActiveCfg = Debug|Any CPU
		{BB2114F9-8CDA-40A8-B354-22156D20EE7F}.Debug|x64.Build.0 = Debug|Any CPU
		{BB2114F9-8CDA-40A8-B354-22156D20EE7F}.Debug|x86.ActiveCfg = Debug|Any CPU
		{BB2114F9-8CDA-40A8-B354-22156D20EE7F}.Debug|x86.Build.0 = Debug|Any CPU
		{BB2114F9-8CDA-40A8-B354-22156D20EE7F}.Release|Any CPU.ActiveCfg = Release|Any CPU
		{BB2114F9-8CDA-40A8-B354-22156D20EE7F}.Release|Any CPU.Build.0 = Release|Any CPU
		{BB2114F9-8CDA-40A8-B354-22156D20EE7F}.Release|x64.ActiveCfg = Release|Any CPU
		{BB2114F9-8CDA-40A8-B354-22156D20EE7F}.Release|x64.Build.0 = Release|Any CPU
		{BB2114F9-8CDA-40A8-B354-22156D20EE7F}.Release|x86.ActiveCfg = Release|Any CPU
		{BB2114F9-8CDA-40A8-B354-22156D20EE7F}.Release|x86.Build.0 = Release|Any CPU
	EndGlobalSection
	GlobalSection(SolutionProperties) = preSolution
		HideSolutionNode = FALSE
	EndGlobalSection
EndGlobal
